
Microsoft Visual Studio Solution File, Format Version 12.00
# Visual Studio Version 16
VisualStudioVersion = 16.0.30804.86
MinimumVisualStudioVersion = 15.0.26124.0
Project("{FAE04EC0-301F-11D3-BF4B-00C04F79EFBC}") = "JBrLloyd.DocAuthor.Client", "src\JBrLloyd.DocAuthor.Client\JBrLloyd.DocAuthor.Client.csproj", "{AEC262E1-22A0-4F99-B35A-E9552D89B40A}"
EndProject
Project("{2150E333-8FDC-42A3-9474-1A3956D46DE8}") = "test", "test", "{5960A86E-E4C6-4F09-B5AC-7DA772224E70}"
EndProject
Project("{2150E333-8FDC-42A3-9474-1A3956D46DE8}") = "src", "src", "{D6135817-846F-4A4D-A011-48E19DA2D0D6}"
EndProject
Global
	GlobalSection(SolutionConfigurationPlatforms) = preSolution
		Debug|Any CPU = Debug|Any CPU
		Debug|x64 = Debug|x64
		Debug|x86 = Debug|x86
		Release|Any CPU = Release|Any CPU
		Release|x64 = Release|x64
		Release|x86 = Release|x86
	EndGlobalSection
	GlobalSection(ProjectConfigurationPlatforms) = postSolution
		{AEC262E1-22A0-4F99-B35A-E9552D89B40A}.Debug|Any CPU.ActiveCfg = Debug|Any CPU
		{AEC262E1-22A0-4F99-B35A-E9552D89B40A}.Debug|Any CPU.Build.0 = Debug|Any CPU
		{AEC262E1-22A0-4F99-B35A-E9552D89B40A}.Debug|x64.ActiveCfg = Debug|Any CPU
		{AEC262E1-22A0-4F99-B35A-E9552D89B40A}.Debug|x64.Build.0 = Debug|Any CPU
		{AEC262E1-22A0-4F99-B35A-E9552D89B40A}.Debug|x86.ActiveCfg = Debug|Any CPU
		{AEC262E1-22A0-4F99-B35A-E9552D89B40A}.Debug|x86.Build.0 = Debug|Any CPU
		{AEC262E1-22A0-4F99-B35A-E9552D89B40A}.Release|Any CPU.ActiveCfg = Release|Any CPU
		{AEC262E1-22A0-4F99-B35A-E9552D89B40A}.Release|Any CPU.Build.0 = Release|Any CPU
		{AEC262E1-22A0-4F99-B35A-E9552D89B40A}.Release|x64.ActiveCfg = Release|Any CPU
		{AEC262E1-22A0-4F99-B35A-E9552D89B40A}.Release|x64.Build.0 = Release|Any CPU
		{AEC262E1-22A0-4F99-B35A-E9552D89B40A}.Release|x86.ActiveCfg = Release|Any CPU
		{AEC262E1-22A0-4F99-B35A-E9552D89B40A}.Release|x86.Build.0 = Release|Any CPU
	EndGlobalSection
	GlobalSection(SolutionProperties) = preSolution
		HideSolutionNode = FALSE
	EndGlobalSection
	GlobalSection(NestedProjects) = preSolution
		{AEC262E1-22A0-4F99-B35A-E9552D89B40A} = {D6135817-846F-4A4D-A011-48E19DA2D0D6}
	EndGlobalSection
	GlobalSection(ExtensibilityGlobals) = postSolution
		SolutionGuid = {EADC2809-17B8-41BB-9ADB-860268676155}
	EndGlobalSection
EndGlobal
